
Microsoft Visual Studio Solution File, Format Version 12.00
# Visual Studio 15
VisualStudioVersion = 15.0.27130.2036
MinimumVisualStudioVersion = 10.0.40219.1
Project("{FAE04EC0-301F-11D3-BF4B-00C04F79EFBC}") = "CoreStarter.Api", "CoreStarter.Api\CoreStarter.Api.csproj", "{9760BCAC-02F4-440A-BBD4-319A397ADC3D}"
EndProject
Global
	GlobalSection(SolutionConfigurationPlatforms) = preSolution
		Debug|Any CPU = Debug|Any CPU
		Release|Any CPU = Release|Any CPU
	EndGlobalSection
	GlobalSection(ProjectConfigurationPlatforms) = postSolution
		{9760BCAC-02F4-440A-BBD4-319A397ADC3D}.Debug|Any CPU.ActiveCfg = Debug|Any CPU
		{9760BCAC-02F4-440A-BBD4-319A397ADC3D}.Debug|Any CPU.Build.0 = Debug|Any CPU
		{9760BCAC-02F4-440A-BBD4-319A397ADC3D}.Release|Any CPU.ActiveCfg = Release|Any CPU
		{9760BCAC-02F4-440A-BBD4-319A397ADC3D}.Release|Any CPU.Build.0 = Release|Any CPU
	EndGlobalSection
	GlobalSection(SolutionProperties) = preSolution
		HideSolutionNode = FALSE
	EndGlobalSection
	GlobalSection(ExtensibilityGlobals) = postSolution
		SolutionGuid = {F783D03C-2A68-4C3B-AF91-03E530BBABDF}
	EndGlobalSection
EndGlobal
